
Microsoft Visual Studio Solution File, Format Version 12.00
# Visual Studio Version 17
VisualStudioVersion = 17.6.33723.286
MinimumVisualStudioVersion = 10.0.40219.1
Project("{2150E333-8FDC-42A3-9474-1A3956D46DE8}") = "Solution Items", "Solution Items", "{5F5657A0-B92C-48CF-A9AC-44F30679100F}"
	ProjectSection(SolutionItems) = preProject
		GuiCookie\GuiCookie.xml = GuiCookie\GuiCookie.xml
		License.txt = License.txt
		TODO.txt = TODO.txt
	EndProjectSection
EndProject
Project("{9A19103F-16F7-4668-BE54-9A1E7A4F7556}") = "GuiCookie.Core", "GuiCookie.Core\GuiCookie.Core.csproj", "{9176B9E9-0071-4611-A792-640C12898950}"
EndProject
Project("{9A19103F-16F7-4668-BE54-9A1E7A4F7556}") = "GuiCookie.MonoGame", "GuiCookie.MonoGame\GuiCookie.MonoGame.csproj", "{9D946F05-B687-4918-A1B3-E0BD0720FCB1}"
EndProject
Project("{9A19103F-16F7-4668-BE54-9A1E7A4F7556}") = "GuiCookie.Ultraviolet", "GuiCookie.Ultraviolet\GuiCookie.Ultraviolet.NETCore\GuiCookie.Ultraviolet.csproj", "{E97A9A9F-0A8E-4D51-8DEC-415C1C7E2F00}"
EndProject
Project("{9A19103F-16F7-4668-BE54-9A1E7A4F7556}") = "Example.MonoGame", "Example.MonoGame\Example.MonoGame.csproj", "{1EE5EA45-4949-4F17-A352-3C925B37259A}"
EndProject
Project("{D954291E-2A0B-460D-934E-DC6B0785DB48}") = "Example.Shared", "Example.Shared\Example.Shared.shproj", "{98A48D88-0A59-474A-AE1C-E79C80E0208E}"
EndProject
Project("{2150E333-8FDC-42A3-9474-1A3956D46DE8}") = "Examples", "Examples", "{874768C5-434A-4FA0-A0A3-DA16D97CC8B6}"
EndProject
Project("{2150E333-8FDC-42A3-9474-1A3956D46DE8}") = "Tests", "Tests", "{02EA681E-C7D8-13C7-8484-4AC65E1B71E8}"
EndProject
Project("{FAE04EC0-301F-11D3-BF4B-00C04F79EFBC}") = "GuiCookie.Core.Tests", "GuiCookie.Core.Tests\GuiCookie.Core.Tests.csproj", "{AFCD6659-DB54-4E35-940F-6BFAC2D8802F}"
EndProject
Global
	GlobalSection(SolutionConfigurationPlatforms) = preSolution
		Debug|Any CPU = Debug|Any CPU
		Release|Any CPU = Release|Any CPU
	EndGlobalSection
	GlobalSection(ProjectConfigurationPlatforms) = postSolution
		{9176B9E9-0071-4611-A792-640C12898950}.Debug|Any CPU.ActiveCfg = Debug|Any CPU
		{9176B9E9-0071-4611-A792-640C12898950}.Debug|Any CPU.Build.0 = Debug|Any CPU
		{9176B9E9-0071-4611-A792-640C12898950}.Release|Any CPU.ActiveCfg = Release|Any CPU
		{9176B9E9-0071-4611-A792-640C12898950}.Release|Any CPU.Build.0 = Release|Any CPU
		{9D946F05-B687-4918-A1B3-E0BD0720FCB1}.Debug|Any CPU.ActiveCfg = Debug|Any CPU
		{9D946F05-B687-4918-A1B3-E0BD0720FCB1}.Debug|Any CPU.Build.0 = Debug|Any CPU
		{9D946F05-B687-4918-A1B3-E0BD0720FCB1}.Release|Any CPU.ActiveCfg = Release|Any CPU
		{9D946F05-B687-4918-A1B3-E0BD0720FCB1}.Release|Any CPU.Build.0 = Release|Any CPU
		{E97A9A9F-0A8E-4D51-8DEC-415C1C7E2F00}.Debug|Any CPU.ActiveCfg = Debug|Any CPU
		{E97A9A9F-0A8E-4D51-8DEC-415C1C7E2F00}.Debug|Any CPU.Build.0 = Debug|Any CPU
		{E97A9A9F-0A8E-4D51-8DEC-415C1C7E2F00}.Release|Any CPU.ActiveCfg = Release|Any CPU
		{E97A9A9F-0A8E-4D51-8DEC-415C1C7E2F00}.Release|Any CPU.Build.0 = Release|Any CPU
		{1EE5EA45-4949-4F17-A352-3C925B37259A}.Debug|Any CPU.ActiveCfg = Debug|Any CPU
		{1EE5EA45-4949-4F17-A352-3C925B37259A}.Debug|Any CPU.Build.0 = Debug|Any CPU
		{1EE5EA45-4949-4F17-A352-3C925B37259A}.Release|Any CPU.ActiveCfg = Release|Any CPU
		{1EE5EA45-4949-4F17-A352-3C925B37259A}.Release|Any CPU.Build.0 = Release|Any CPU
		{AFCD6659-DB54-4E35-940F-6BFAC2D8802F}.Debug|Any CPU.ActiveCfg = Debug|Any CPU
		{AFCD6659-DB54-4E35-940F-6BFAC2D8802F}.Debug|Any CPU.Build.0 = Debug|Any CPU
		{AFCD6659-DB54-4E35-940F-6BFAC2D8802F}.Release|Any CPU.ActiveCfg = Release|Any CPU
		{AFCD6659-DB54-4E35-940F-6BFAC2D8802F}.Release|Any CPU.Build.0 = Release|Any CPU
	EndGlobalSection
	GlobalSection(SolutionProperties) = preSolution
		HideSolutionNode = FALSE
	EndGlobalSection
	GlobalSection(NestedProjects) = preSolution
		{1EE5EA45-4949-4F17-A352-3C925B37259A} = {874768C5-434A-4FA0-A0A3-DA16D97CC8B6}
		{98A48D88-0A59-474A-AE1C-E79C80E0208E} = {874768C5-434A-4FA0-A0A3-DA16D97CC8B6}
		{AFCD6659-DB54-4E35-940F-6BFAC2D8802F} = {02EA681E-C7D8-13C7-8484-4AC65E1B71E8}
	EndGlobalSection
	GlobalSection(ExtensibilityGlobals) = postSolution
		SolutionGuid = {6131FB3A-D875-4EFB-B401-56D0CD8E78C3}
	EndGlobalSection
	GlobalSection(SharedMSBuildProjectFiles) = preSolution
		Example.Shared\Example.Shared.projitems*{98a48d88-0a59-474a-ae1c-e79c80e0208e}*SharedItemsImports = 13
	EndGlobalSection
EndGlobal
