
Microsoft Visual Studio Solution File, Format Version 12.00
# Visual Studio Version 16
VisualStudioVersion = 16.0.30907.101
MinimumVisualStudioVersion = 10.0.40219.1
Project("{FAE04EC0-301F-11D3-BF4B-00C04F79EFBC}") = "GuiCookie", "GuiCookie\GuiCookie.csproj", "{8ACA0CE9-01CA-40E5-95E0-F333C9CAD430}"
EndProject
Project("{FAE04EC0-301F-11D3-BF4B-00C04F79EFBC}") = "Example", "Example\Example.csproj", "{5658E2F5-83EB-4EF1-B513-17620C0D995A}"
EndProject
Global
	GlobalSection(SolutionConfigurationPlatforms) = preSolution
		Debug|Any CPU = Debug|Any CPU
		Release|Any CPU = Release|Any CPU
	EndGlobalSection
	GlobalSection(ProjectConfigurationPlatforms) = postSolution
		{8ACA0CE9-01CA-40E5-95E0-F333C9CAD430}.Debug|Any CPU.ActiveCfg = Debug|Any CPU
		{8ACA0CE9-01CA-40E5-95E0-F333C9CAD430}.Debug|Any CPU.Build.0 = Debug|Any CPU
		{8ACA0CE9-01CA-40E5-95E0-F333C9CAD430}.Release|Any CPU.ActiveCfg = Release|Any CPU
		{8ACA0CE9-01CA-40E5-95E0-F333C9CAD430}.Release|Any CPU.Build.0 = Release|Any CPU
		{5658E2F5-83EB-4EF1-B513-17620C0D995A}.Debug|Any CPU.ActiveCfg = Debug|Any CPU
		{5658E2F5-83EB-4EF1-B513-17620C0D995A}.Debug|Any CPU.Build.0 = Debug|Any CPU
		{5658E2F5-83EB-4EF1-B513-17620C0D995A}.Release|Any CPU.ActiveCfg = Release|Any CPU
		{5658E2F5-83EB-4EF1-B513-17620C0D995A}.Release|Any CPU.Build.0 = Release|Any CPU
	EndGlobalSection
	GlobalSection(SolutionProperties) = preSolution
		HideSolutionNode = FALSE
	EndGlobalSection
	GlobalSection(ExtensibilityGlobals) = postSolution
		SolutionGuid = {6131FB3A-D875-4EFB-B401-56D0CD8E78C3}
	EndGlobalSection
EndGlobal
